// !$*UTF8*$!
{
	archiveVersion = 1;
	classes = {
	};
	objectVersion = 46;
	objects = {

/* Begin PBXBuildFile section */
		193A0A1C185D170D00658909 /* Foundation.framework in Frameworks */ = {isa = PBXBuildFile; fileRef = 193A0A1B185D170D00658909 /* Foundation.framework */; };
		193A0A1E185D170D00658909 /* CoreGraphics.framework in Frameworks */ = {isa = PBXBuildFile; fileRef = 193A0A1D185D170D00658909 /* CoreGraphics.framework */; };
		193A0A20185D170D00658909 /* UIKit.framework in Frameworks */ = {isa = PBXBuildFile; fileRef = 193A0A1F185D170D00658909 /* UIKit.framework */; };
		193A0A26185D170D00658909 /* InfoPlist.strings in Resources */ = {isa = PBXBuildFile; fileRef = 193A0A24185D170D00658909 /* InfoPlist.strings */; };
		193A0A28185D170D00658909 /* main.m in Sources */ = {isa = PBXBuildFile; fileRef = 193A0A27185D170D00658909 /* main.m */; };
		193A0A2C185D170D00658909 /* TestProjectAppDelegate.m in Sources */ = {isa = PBXBuildFile; fileRef = 193A0A2B185D170D00658909 /* TestProjectAppDelegate.m */; };
		193A0A2F185D170D00658909 /* TestProjectRootViewController.m in Sources */ = {isa = PBXBuildFile; fileRef = 193A0A2E185D170D00658909 /* TestProjectRootViewController.m */; };
		193A0A32185D170D00658909 /* TestProjectDataViewController.m in Sources */ = {isa = PBXBuildFile; fileRef = 193A0A31185D170D00658909 /* TestProjectDataViewController.m */; };
		193A0A35185D170D00658909 /* TestProjectModelController.m in Sources */ = {isa = PBXBuildFile; fileRef = 193A0A34185D170D00658909 /* TestProjectModelController.m */; };
		193A0A38185D170D00658909 /* Main_iPhone.storyboard in Resources */ = {isa = PBXBuildFile; fileRef = 193A0A36185D170D00658909 /* Main_iPhone.storyboard */; };
		193A0A3B185D170D00658909 /* Main_iPad.storyboard in Resources */ = {isa = PBXBuildFile; fileRef = 193A0A39185D170D00658909 /* Main_iPad.storyboard */; };
		193A0A3D185D170D00658909 /* Images.xcassets in Resources */ = {isa = PBXBuildFile; fileRef = 193A0A3C185D170D00658909 /* Images.xcassets */; };
		193A0A44185D170D00658909 /* XCTest.framework in Frameworks */ = {isa = PBXBuildFile; fileRef = 193A0A43185D170D00658909 /* XCTest.framework */; };
		193A0A45185D170D00658909 /* Foundation.framework in Frameworks */ = {isa = PBXBuildFile; fileRef = 193A0A1B185D170D00658909 /* Foundation.framework */; };
		193A0A46185D170D00658909 /* UIKit.framework in Frameworks */ = {isa = PBXBuildFile; fileRef = 193A0A1F185D170D00658909 /* UIKit.framework */; };
		193A0A4E185D170D00658909 /* InfoPlist.strings in Resources */ = {isa = PBXBuildFile; fileRef = 193A0A4C185D170D00658909 /* InfoPlist.strings */; };
		193A0A50185D170D00658909 /* TestProjectTests.m in Sources */ = {isa = PBXBuildFile; fileRef = 193A0A4F185D170D00658909 /* TestProjectTests.m */; };
		193A0A5B185D280400658909 /* TestProjectPageViewController.m in Sources */ = {isa = PBXBuildFile; fileRef = 193A0A5A185D280400658909 /* TestProjectPageViewController.m */; };
/* End PBXBuildFile section */

/* Begin PBXContainerItemProxy section */
		193A0A47185D170D00658909 /* PBXContainerItemProxy */ = {
			isa = PBXContainerItemProxy;
			containerPortal = 193A0A10185D170D00658909 /* Project object */;
			proxyType = 1;
			remoteGlobalIDString = 193A0A17185D170D00658909;
			remoteInfo = TestProject;
		};
/* End PBXContainerItemProxy section */

/* Begin PBXFileReference section */
		193A0A18185D170D00658909 /* TestProject.app */ = {isa = PBXFileReference; explicitFileType = wrapper.application; includeInIndex = 0; path = TestProject.app; sourceTree = BUILT_PRODUCTS_DIR; };
		193A0A1B185D170D00658909 /* Foundation.framework */ = {isa = PBXFileReference; lastKnownFileType = wrapper.framework; name = Foundation.framework; path = System/Library/Frameworks/Foundation.framework; sourceTree = SDKROOT; };
		193A0A1D185D170D00658909 /* CoreGraphics.framework */ = {isa = PBXFileReference; lastKnownFileType = wrapper.framework; name = CoreGraphics.framework; path = System/Library/Frameworks/CoreGraphics.framework; sourceTree = SDKROOT; };
		193A0A1F185D170D00658909 /* UIKit.framework */ = {isa = PBXFileReference; lastKnownFileType = wrapper.framework; name = UIKit.framework; path = System/Library/Frameworks/UIKit.framework; sourceTree = SDKROOT; };
		193A0A23185D170D00658909 /* TestProject-Info.plist */ = {isa = PBXFileReference; lastKnownFileType = text.plist.xml; path = "TestProject-Info.plist"; sourceTree = "<group>"; };
		193A0A25185D170D00658909 /* en */ = {isa = PBXFileReference; lastKnownFileType = text.plist.strings; name = en; path = en.lproj/InfoPlist.strings; sourceTree = "<group>"; };
		193A0A27185D170D00658909 /* main.m */ = {isa = PBXFileReference; lastKnownFileType = sourcecode.c.objc; path = main.m; sourceTree = "<group>"; };
		193A0A29185D170D00658909 /* TestProject-Prefix.pch */ = {isa = PBXFileReference; lastKnownFileType = sourcecode.c.h; path = "TestProject-Prefix.pch"; sourceTree = "<group>"; };
		193A0A2A185D170D00658909 /* TestProjectAppDelegate.h */ = {isa = PBXFileReference; lastKnownFileType = sourcecode.c.h; path = TestProjectAppDelegate.h; sourceTree = "<group>"; };
		193A0A2B185D170D00658909 /* TestProjectAppDelegate.m */ = {isa = PBXFileReference; lastKnownFileType = sourcecode.c.objc; path = TestProjectAppDelegate.m; sourceTree = "<group>"; };
		193A0A2D185D170D00658909 /* TestProjectRootViewController.h */ = {isa = PBXFileReference; lastKnownFileType = sourcecode.c.h; path = TestProjectRootViewController.h; sourceTree = "<group>"; };
		193A0A2E185D170D00658909 /* TestProjectRootViewController.m */ = {isa = PBXFileReference; lastKnownFileType = sourcecode.c.objc; path = TestProjectRootViewController.m; sourceTree = "<group>"; };
		193A0A30185D170D00658909 /* TestProjectDataViewController.h */ = {isa = PBXFileReference; lastKnownFileType = sourcecode.c.h; path = TestProjectDataViewController.h; sourceTree = "<group>"; };
		193A0A31185D170D00658909 /* TestProjectDataViewController.m */ = {isa = PBXFileReference; lastKnownFileType = sourcecode.c.objc; path = TestProjectDataViewController.m; sourceTree = "<group>"; };
		193A0A33185D170D00658909 /* TestProjectModelController.h */ = {isa = PBXFileReference; lastKnownFileType = sourcecode.c.h; path = TestProjectModelController.h; sourceTree = "<group>"; };
		193A0A34185D170D00658909 /* TestProjectModelController.m */ = {isa = PBXFileReference; lastKnownFileType = sourcecode.c.objc; path = TestProjectModelController.m; sourceTree = "<group>"; };
		193A0A37185D170D00658909 /* Base */ = {isa = PBXFileReference; lastKnownFileType = file.storyboard; name = Base; path = Base.lproj/Main_iPhone.storyboard; sourceTree = "<group>"; };
		193A0A3A185D170D00658909 /* Base */ = {isa = PBXFileReference; lastKnownFileType = file.storyboard; name = Base; path = Base.lproj/Main_iPad.storyboard; sourceTree = "<group>"; };
		193A0A3C185D170D00658909 /* Images.xcassets */ = {isa = PBXFileReference; lastKnownFileType = folder.assetcatalog; path = Images.xcassets; sourceTree = "<group>"; };
		193A0A42185D170D00658909 /* TestProjectTests.xctest */ = {isa = PBXFileReference; explicitFileType = wrapper.cfbundle; includeInIndex = 0; path = TestProjectTests.xctest; sourceTree = BUILT_PRODUCTS_DIR; };
		193A0A43185D170D00658909 /* XCTest.framework */ = {isa = PBXFileReference; lastKnownFileType = wrapper.framework; name = XCTest.framework; path = Library/Frameworks/XCTest.framework; sourceTree = DEVELOPER_DIR; };
		193A0A4B185D170D00658909 /* TestProjectTests-Info.plist */ = {isa = PBXFileReference; lastKnownFileType = text.plist.xml; path = "TestProjectTests-Info.plist"; sourceTree = "<group>"; };
		193A0A4D185D170D00658909 /* en */ = {isa = PBXFileReference; lastKnownFileType = text.plist.strings; name = en; path = en.lproj/InfoPlist.strings; sourceTree = "<group>"; };
		193A0A4F185D170D00658909 /* TestProjectTests.m */ = {isa = PBXFileReference; lastKnownFileType = sourcecode.c.objc; path = TestProjectTests.m; sourceTree = "<group>"; };
		193A0A59185D280400658909 /* TestProjectPageViewController.h */ = {isa = PBXFileReference; fileEncoding = 4; lastKnownFileType = sourcecode.c.h; path = TestProjectPageViewController.h; sourceTree = "<group>"; };
		193A0A5A185D280400658909 /* TestProjectPageViewController.m */ = {isa = PBXFileReference; fileEncoding = 4; lastKnownFileType = sourcecode.c.objc; path = TestProjectPageViewController.m; sourceTree = "<group>"; };
/* End PBXFileReference section */

/* Begin PBXFrameworksBuildPhase section */
		193A0A15185D170D00658909 /* Frameworks */ = {
			isa = PBXFrameworksBuildPhase;
			buildActionMask = 2147483647;
			files = (
				193A0A1E185D170D00658909 /* CoreGraphics.framework in Frameworks */,
				193A0A20185D170D00658909 /* UIKit.framework in Frameworks */,
				193A0A1C185D170D00658909 /* Foundation.framework in Frameworks */,
			);
			runOnlyForDeploymentPostprocessing = 0;
		};
		193A0A3F185D170D00658909 /* Frameworks */ = {
			isa = PBXFrameworksBuildPhase;
			buildActionMask = 2147483647;
			files = (
				193A0A44185D170D00658909 /* XCTest.framework in Frameworks */,
				193A0A46185D170D00658909 /* UIKit.framework in Frameworks */,
				193A0A45185D170D00658909 /* Foundation.framework in Frameworks */,
			);
			runOnlyForDeploymentPostprocessing = 0;
		};
/* End PBXFrameworksBuildPhase section */

/* Begin PBXGroup section */
		193A0A0F185D170D00658909 = {
			isa = PBXGroup;
			children = (
				193A0A21185D170D00658909 /* TestProject */,
				193A0A49185D170D00658909 /* TestProjectTests */,
				193A0A1A185D170D00658909 /* Frameworks */,
				193A0A19185D170D00658909 /* Products */,
			);
			sourceTree = "<group>";
		};
		193A0A19185D170D00658909 /* Products */ = {
			isa = PBXGroup;
			children = (
				193A0A18185D170D00658909 /* TestProject.app */,
				193A0A42185D170D00658909 /* TestProjectTests.xctest */,
			);
			name = Products;
			sourceTree = "<group>";
		};
		193A0A1A185D170D00658909 /* Frameworks */ = {
			isa = PBXGroup;
			children = (
				193A0A1B185D170D00658909 /* Foundation.framework */,
				193A0A1D185D170D00658909 /* CoreGraphics.framework */,
				193A0A1F185D170D00658909 /* UIKit.framework */,
				193A0A43185D170D00658909 /* XCTest.framework */,
			);
			name = Frameworks;
			sourceTree = "<group>";
		};
		193A0A21185D170D00658909 /* TestProject */ = {
			isa = PBXGroup;
			children = (
				193A0A2A185D170D00658909 /* TestProjectAppDelegate.h */,
				193A0A2B185D170D00658909 /* TestProjectAppDelegate.m */,
				193A0A2D185D170D00658909 /* TestProjectRootViewController.h */,
				193A0A2E185D170D00658909 /* TestProjectRootViewController.m */,
				193A0A30185D170D00658909 /* TestProjectDataViewController.h */,
				193A0A31185D170D00658909 /* TestProjectDataViewController.m */,
				193A0A33185D170D00658909 /* TestProjectModelController.h */,
				193A0A34185D170D00658909 /* TestProjectModelController.m */,
				193A0A59185D280400658909 /* TestProjectPageViewController.h */,
				193A0A5A185D280400658909 /* TestProjectPageViewController.m */,
				193A0A36185D170D00658909 /* Main_iPhone.storyboard */,
				193A0A39185D170D00658909 /* Main_iPad.storyboard */,
				193A0A3C185D170D00658909 /* Images.xcassets */,
				193A0A22185D170D00658909 /* Supporting Files */,
			);
			path = TestProject;
			sourceTree = "<group>";
		};
		193A0A22185D170D00658909 /* Supporting Files */ = {
			isa = PBXGroup;
			children = (
				193A0A23185D170D00658909 /* TestProject-Info.plist */,
				193A0A24185D170D00658909 /* InfoPlist.strings */,
				193A0A27185D170D00658909 /* main.m */,
				193A0A29185D170D00658909 /* TestProject-Prefix.pch */,
			);
			name = "Supporting Files";
			sourceTree = "<group>";
		};
		193A0A49185D170D00658909 /* TestProjectTests */ = {
			isa = PBXGroup;
			children = (
				193A0A4F185D170D00658909 /* TestProjectTests.m */,
				193A0A4A185D170D00658909 /* Supporting Files */,
			);
			path = TestProjectTests;
			sourceTree = "<group>";
		};
		193A0A4A185D170D00658909 /* Supporting Files */ = {
			isa = PBXGroup;
			children = (
				193A0A4B185D170D00658909 /* TestProjectTests-Info.plist */,
				193A0A4C185D170D00658909 /* InfoPlist.strings */,
			);
			name = "Supporting Files";
			sourceTree = "<group>";
		};
/* End PBXGroup section */

/* Begin PBXNativeTarget section */
		193A0A17185D170D00658909 /* TestProject */ = {
			isa = PBXNativeTarget;
			buildConfigurationList = 193A0A53185D170D00658909 /* Build configuration list for PBXNativeTarget "TestProject" */;
			buildPhases = (
				193A0A14185D170D00658909 /* Sources */,
				193A0A15185D170D00658909 /* Frameworks */,
				193A0A16185D170D00658909 /* Resources */,
			);
			buildRules = (
			);
			dependencies = (
			);
			name = TestProject;
			productName = TestProject;
			productReference = 193A0A18185D170D00658909 /* TestProject.app */;
			productType = "com.apple.product-type.application";
		};
		193A0A41185D170D00658909 /* TestProjectTests */ = {
			isa = PBXNativeTarget;
			buildConfigurationList = 193A0A56185D170D00658909 /* Build configuration list for PBXNativeTarget "TestProjectTests" */;
			buildPhases = (
				193A0A3E185D170D00658909 /* Sources */,
				193A0A3F185D170D00658909 /* Frameworks */,
				193A0A40185D170D00658909 /* Resources */,
			);
			buildRules = (
			);
			dependencies = (
				193A0A48185D170D00658909 /* PBXTargetDependency */,
			);
			name = TestProjectTests;
			productName = TestProjectTests;
			productReference = 193A0A42185D170D00658909 /* TestProjectTests.xctest */;
			productType = "com.apple.product-type.bundle.unit-test";
		};
/* End PBXNativeTarget section */

/* Begin PBXProject section */
		193A0A10185D170D00658909 /* Project object */ = {
			isa = PBXProject;
			attributes = {
				CLASSPREFIX = TestProject;
				LastUpgradeCheck = 0500;
				ORGANIZATIONNAME = "Kindred Prints";
				TargetAttributes = {
					193A0A41185D170D00658909 = {
						TestTargetID = 193A0A17185D170D00658909;
					};
				};
			};
			buildConfigurationList = 193A0A13185D170D00658909 /* Build configuration list for PBXProject "TestProject" */;
			compatibilityVersion = "Xcode 3.2";
			developmentRegion = English;
			hasScannedForEncodings = 0;
			knownRegions = (
				en,
				Base,
			);
			mainGroup = 193A0A0F185D170D00658909;
			productRefGroup = 193A0A19185D170D00658909 /* Products */;
			projectDirPath = "";
			projectRoot = "";
			targets = (
				193A0A17185D170D00658909 /* TestProject */,
				193A0A41185D170D00658909 /* TestProjectTests */,
			);
		};
/* End PBXProject section */

/* Begin PBXResourcesBuildPhase section */
		193A0A16185D170D00658909 /* Resources */ = {
			isa = PBXResourcesBuildPhase;
			buildActionMask = 2147483647;
			files = (
				193A0A3B185D170D00658909 /* Main_iPad.storyboard in Resources */,
				193A0A3D185D170D00658909 /* Images.xcassets in Resources */,
				193A0A38185D170D00658909 /* Main_iPhone.storyboard in Resources */,
				193A0A26185D170D00658909 /* InfoPlist.strings in Resources */,
			);
			runOnlyForDeploymentPostprocessing = 0;
		};
		193A0A40185D170D00658909 /* Resources */ = {
			isa = PBXResourcesBuildPhase;
			buildActionMask = 2147483647;
			files = (
				193A0A4E185D170D00658909 /* InfoPlist.strings in Resources */,
			);
			runOnlyForDeploymentPostprocessing = 0;
		};
/* End PBXResourcesBuildPhase section */

/* Begin PBXSourcesBuildPhase section */
		193A0A14185D170D00658909 /* Sources */ = {
			isa = PBXSourcesBuildPhase;
			buildActionMask = 2147483647;
			files = (
				193A0A35185D170D00658909 /* TestProjectModelController.m in Sources */,
				193A0A5B185D280400658909 /* TestProjectPageViewController.m in Sources */,
				193A0A2C185D170D00658909 /* TestProjectAppDelegate.m in Sources */,
				193A0A28185D170D00658909 /* main.m in Sources */,
				193A0A32185D170D00658909 /* TestProjectDataViewController.m in Sources */,
				193A0A2F185D170D00658909 /* TestProjectRootViewController.m in Sources */,
			);
			runOnlyForDeploymentPostprocessing = 0;
		};
		193A0A3E185D170D00658909 /* Sources */ = {
			isa = PBXSourcesBuildPhase;
			buildActionMask = 2147483647;
			files = (
				193A0A50185D170D00658909 /* TestProjectTests.m in Sources */,
			);
			runOnlyForDeploymentPostprocessing = 0;
		};
/* End PBXSourcesBuildPhase section */

/* Begin PBXTargetDependency section */
		193A0A48185D170D00658909 /* PBXTargetDependency */ = {
			isa = PBXTargetDependency;
			target = 193A0A17185D170D00658909 /* TestProject */;
			targetProxy = 193A0A47185D170D00658909 /* PBXContainerItemProxy */;
		};
/* End PBXTargetDependency section */

/* Begin PBXVariantGroup section */
		193A0A24185D170D00658909 /* InfoPlist.strings */ = {
			isa = PBXVariantGroup;
			children = (
				193A0A25185D170D00658909 /* en */,
			);
			name = InfoPlist.strings;
			sourceTree = "<group>";
		};
		193A0A36185D170D00658909 /* Main_iPhone.storyboard */ = {
			isa = PBXVariantGroup;
			children = (
				193A0A37185D170D00658909 /* Base */,
			);
			name = Main_iPhone.storyboard;
			sourceTree = "<group>";
		};
		193A0A39185D170D00658909 /* Main_iPad.storyboard */ = {
			isa = PBXVariantGroup;
			children = (
				193A0A3A185D170D00658909 /* Base */,
			);
			name = Main_iPad.storyboard;
			sourceTree = "<group>";
		};
		193A0A4C185D170D00658909 /* InfoPlist.strings */ = {
			isa = PBXVariantGroup;
			children = (
				193A0A4D185D170D00658909 /* en */,
			);
			name = InfoPlist.strings;
			sourceTree = "<group>";
		};
/* End PBXVariantGroup section */

/* Begin XCBuildConfiguration section */
		193A0A51185D170D00658909 /* Debug */ = {
			isa = XCBuildConfiguration;
			buildSettings = {
				ALWAYS_SEARCH_USER_PATHS = NO;
				ARCHS = "$(ARCHS_STANDARD_INCLUDING_64_BIT)";
				CLANG_CXX_LANGUAGE_STANDARD = "gnu++0x";
				CLANG_CXX_LIBRARY = "libc++";
				CLANG_ENABLE_MODULES = YES;
				CLANG_ENABLE_OBJC_ARC = YES;
				CLANG_WARN_BOOL_CONVERSION = YES;
				CLANG_WARN_CONSTANT_CONVERSION = YES;
				CLANG_WARN_DIRECT_OBJC_ISA_USAGE = YES_ERROR;
				CLANG_WARN_EMPTY_BODY = YES;
				CLANG_WARN_ENUM_CONVERSION = YES;
				CLANG_WARN_INT_CONVERSION = YES;
				CLANG_WARN_OBJC_ROOT_CLASS = YES_ERROR;
				CLANG_WARN__DUPLICATE_METHOD_MATCH = YES;
				"CODE_SIGN_IDENTITY[sdk=iphoneos*]" = "iPhone Developer";
				COPY_PHASE_STRIP = NO;
				GCC_C_LANGUAGE_STANDARD = gnu99;
				GCC_DYNAMIC_NO_PIC = NO;
				GCC_OPTIMIZATION_LEVEL = 0;
				GCC_PREPROCESSOR_DEFINITIONS = (
					"DEBUG=1",
					"$(inherited)",
				);
				GCC_SYMBOLS_PRIVATE_EXTERN = NO;
				GCC_WARN_64_TO_32_BIT_CONVERSION = YES;
				GCC_WARN_ABOUT_RETURN_TYPE = YES_ERROR;
				GCC_WARN_UNDECLARED_SELECTOR = YES;
				GCC_WARN_UNINITIALIZED_AUTOS = YES;
				GCC_WARN_UNUSED_FUNCTION = YES;
				GCC_WARN_UNUSED_VARIABLE = YES;
				IPHONEOS_DEPLOYMENT_TARGET = 7.0;
				ONLY_ACTIVE_ARCH = YES;
				SDKROOT = iphoneos;
				TARGETED_DEVICE_FAMILY = "1,2";
			};
			name = Debug;
		};
		193A0A52185D170D00658909 /* Release */ = {
			isa = XCBuildConfiguration;
			buildSettings = {
				ALWAYS_SEARCH_USER_PATHS = NO;
				ARCHS = "$(ARCHS_STANDARD_INCLUDING_64_BIT)";
				CLANG_CXX_LANGUAGE_STANDARD = "gnu++0x";
				CLANG_CXX_LIBRARY = "libc++";
				CLANG_ENABLE_MODULES = YES;
				CLANG_ENABLE_OBJC_ARC = YES;
				CLANG_WARN_BOOL_CONVERSION = YES;
				CLANG_WARN_CONSTANT_CONVERSION = YES;
				CLANG_WARN_DIRECT_OBJC_ISA_USAGE = YES_ERROR;
				CLANG_WARN_EMPTY_BODY = YES;
				CLANG_WARN_ENUM_CONVERSION = YES;
				CLANG_WARN_INT_CONVERSION = YES;
				CLANG_WARN_OBJC_ROOT_CLASS = YES_ERROR;
				CLANG_WARN__DUPLICATE_METHOD_MATCH = YES;
				"CODE_SIGN_IDENTITY[sdk=iphoneos*]" = "iPhone Developer";
				COPY_PHASE_STRIP = YES;
				ENABLE_NS_ASSERTIONS = NO;
				GCC_C_LANGUAGE_STANDARD = gnu99;
				GCC_WARN_64_TO_32_BIT_CONVERSION = YES;
				GCC_WARN_ABOUT_RETURN_TYPE = YES_ERROR;
				GCC_WARN_UNDECLARED_SELECTOR = YES;
				GCC_WARN_UNINITIALIZED_AUTOS = YES;
				GCC_WARN_UNUSED_FUNCTION = YES;
				GCC_WARN_UNUSED_VARIABLE = YES;
				IPHONEOS_DEPLOYMENT_TARGET = 7.0;
				SDKROOT = iphoneos;
				TARGETED_DEVICE_FAMILY = "1,2";
				VALIDATE_PRODUCT = YES;
			};
			name = Release;
		};
		193A0A54185D170D00658909 /* Debug */ = {
			isa = XCBuildConfiguration;
			buildSettings = {
				ASSETCATALOG_COMPILER_APPICON_NAME = AppIcon;
				ASSETCATALOG_COMPILER_LAUNCHIMAGE_NAME = LaunchImage;
				GCC_PRECOMPILE_PREFIX_HEADER = YES;
				GCC_PREFIX_HEADER = "TestProject/TestProject-Prefix.pch";
				INFOPLIST_FILE = "TestProject/TestProject-Info.plist";
				PRODUCT_NAME = "$(TARGET_NAME)";
				WRAPPER_EXTENSION = app;
			};
			name = Debug;
		};
		193A0A55185D170D00658909 /* Release */ = {
			isa = XCBuildConfiguration;
			buildSettings = {
				ASSETCATALOG_COMPILER_APPICON_NAME = AppIcon;
				ASSETCATALOG_COMPILER_LAUNCHIMAGE_NAME = LaunchImage;
				GCC_PRECOMPILE_PREFIX_HEADER = YES;
				GCC_PREFIX_HEADER = "TestProject/TestProject-Prefix.pch";
				INFOPLIST_FILE = "TestProject/TestProject-Info.plist";
				PRODUCT_NAME = "$(TARGET_NAME)";
				WRAPPER_EXTENSION = app;
			};
			name = Release;
		};
		193A0A57185D170D00658909 /* Debug */ = {
			isa = XCBuildConfiguration;
			buildSettings = {
				ARCHS = "$(ARCHS_STANDARD_INCLUDING_64_BIT)";
				BUNDLE_LOADER = "$(BUILT_PRODUCTS_DIR)/TestProject.app/TestProject";
				FRAMEWORK_SEARCH_PATHS = (
					"$(SDKROOT)/Developer/Library/Frameworks",
					"$(inherited)",
					"$(DEVELOPER_FRAMEWORKS_DIR)",
				);
				GCC_PRECOMPILE_PREFIX_HEADER = YES;
				GCC_PREFIX_HEADER = "TestProject/TestProject-Prefix.pch";
				GCC_PREPROCESSOR_DEFINITIONS = (
					"DEBUG=1",
					"$(inherited)",
				);
				INFOPLIST_FILE = "TestProjectTests/TestProjectTests-Info.plist";
				PRODUCT_NAME = "$(TARGET_NAME)";
				TEST_HOST = "$(BUNDLE_LOADER)";
				WRAPPER_EXTENSION = xctest;
			};
			name = Debug;
		};
		193A0A58185D170D00658909 /* Release */ = {
			isa = XCBuildConfiguration;
			buildSettings = {
				ARCHS = "$(ARCHS_STANDARD_INCLUDING_64_BIT)";
				BUNDLE_LOADER = "$(BUILT_PRODUCTS_DIR)/TestProject.app/TestProject";
				FRAMEWORK_SEARCH_PATHS = (
					"$(SDKROOT)/Developer/Library/Frameworks",
					"$(inherited)",
					"$(DEVELOPER_FRAMEWORKS_DIR)",
				);
				GCC_PRECOMPILE_PREFIX_HEADER = YES;
				GCC_PREFIX_HEADER = "TestProject/TestProject-Prefix.pch";
				INFOPLIST_FILE = "TestProjectTests/TestProjectTests-Info.plist";
				PRODUCT_NAME = "$(TARGET_NAME)";
				TEST_HOST = "$(BUNDLE_LOADER)";
				WRAPPER_EXTENSION = xctest;
			};
			name = Release;
		};
/* End XCBuildConfiguration section */

/* Begin XCConfigurationList section */
		193A0A13185D170D00658909 /* Build configuration list for PBXProject "TestProject" */ = {
			isa = XCConfigurationList;
			buildConfigurations = (
				193A0A51185D170D00658909 /* Debug */,
				193A0A52185D170D00658909 /* Release */,
			);
			defaultConfigurationIsVisible = 0;
			defaultConfigurationName = Release;
		};
		193A0A53185D170D00658909 /* Build configuration list for PBXNativeTarget "TestProject" */ = {
			isa = XCConfigurationList;
			buildConfigurations = (
				193A0A54185D170D00658909 /* Debug */,
				193A0A55185D170D00658909 /* Release */,
			);
			defaultConfigurationIsVisible = 0;
		};
		193A0A56185D170D00658909 /* Build configuration list for PBXNativeTarget "TestProjectTests" */ = {
			isa = XCConfigurationList;
			buildConfigurations = (
				193A0A57185D170D00658909 /* Debug */,
				193A0A58185D170D00658909 /* Release */,
			);
			defaultConfigurationIsVisible = 0;
		};
/* End XCConfigurationList section */
	};
	rootObject = 193A0A10185D170D00658909 /* Project object */;
}
